
Microsoft Visual Studio Solution File, Format Version 12.00
# Visual Studio Version 17
VisualStudioVersion = 17.8.34322.80
MinimumVisualStudioVersion = 10.0.40219.1
Project("{9A19103F-16F7-4668-BE54-9A1E7A4F7556}") = "AbarimMUD.Common", "AbarimMUD.Common\AbarimMUD.Common.csproj", "{18708949-46D1-471D-85CB-698197F1001C}"
EndProject
Project("{9A19103F-16F7-4668-BE54-9A1E7A4F7556}") = "AbarimMUD.ExportAreasToMMB", "AbarimMUD.ExportAreasToMMB\AbarimMUD.ExportAreasToMMB.csproj", "{33D9A725-D66C-4136-9D51-06E5877EC2B3}"
EndProject
Project("{9A19103F-16F7-4668-BE54-9A1E7A4F7556}") = "MUDMapBuilder", "..\MUDMapBuilder\MUDMapBuilder\MUDMapBuilder.csproj", "{A3AB4AA0-5328-4101-99D5-E83EDE2BA396}"
EndProject
Project("{9A19103F-16F7-4668-BE54-9A1E7A4F7556}") = "DikuLoad.Data", "..\DikuLoad\DikuLoad.Data\DikuLoad.Data.csproj", "{E76FF25D-B90A-4D4C-8FDB-E98A055F4EAC}"
EndProject
Project("{9A19103F-16F7-4668-BE54-9A1E7A4F7556}") = "DikuLoad.Import", "..\DikuLoad\DikuLoad.Import\DikuLoad.Import.csproj", "{C23C8D97-2C0F-4869-96E5-00A5AFE0D39C}"
EndProject
Project("{9A19103F-16F7-4668-BE54-9A1E7A4F7556}") = "DikuLoad.Import.Ascii", "..\DikuLoad\DikuLoad.Import.Ascii\DikuLoad.Import.Ascii.csproj", "{D953125A-B213-4714-919C-B6CE01E5DF5F}"
EndProject
Project("{9A19103F-16F7-4668-BE54-9A1E7A4F7556}") = "AbarimMUD.Import.Diku", "AbarimMUD.Import.Diku\AbarimMUD.Import.Diku.csproj", "{E838FD3C-5AC3-4F63-AB8C-07F9819A024D}"
EndProject
Project("{9A19103F-16F7-4668-BE54-9A1E7A4F7556}") = "AbarimMUD.MapViewer", "AbarimMUD.MapViewer\AbarimMUD.MapViewer.csproj", "{9AABF1B0-63E1-458B-A2FD-CEC3E8FCFFB7}"
EndProject
Project("{9A19103F-16F7-4668-BE54-9A1E7A4F7556}") = "AbarimMUD.Engine", "AbarimMUD.Engine\AbarimMUD.Engine.csproj", "{0336CC60-BAFC-4A98-A882-E5ABABD08CB2}"
EndProject
Project("{9A19103F-16F7-4668-BE54-9A1E7A4F7556}") = "AbarimMUD.Launcher", "AbarimMUD.Launcher\AbarimMUD.Launcher.csproj", "{5432C3D2-07E6-408D-A729-52F795656F9F}"
EndProject
Global
	GlobalSection(SolutionConfigurationPlatforms) = preSolution
		Debug|Any CPU = Debug|Any CPU
		Release|Any CPU = Release|Any CPU
	EndGlobalSection
	GlobalSection(ProjectConfigurationPlatforms) = postSolution
		{18708949-46D1-471D-85CB-698197F1001C}.Debug|Any CPU.ActiveCfg = Debug|Any CPU
		{18708949-46D1-471D-85CB-698197F1001C}.Debug|Any CPU.Build.0 = Debug|Any CPU
		{18708949-46D1-471D-85CB-698197F1001C}.Release|Any CPU.ActiveCfg = Release|Any CPU
		{18708949-46D1-471D-85CB-698197F1001C}.Release|Any CPU.Build.0 = Release|Any CPU
		{33D9A725-D66C-4136-9D51-06E5877EC2B3}.Debug|Any CPU.ActiveCfg = Debug|Any CPU
		{33D9A725-D66C-4136-9D51-06E5877EC2B3}.Debug|Any CPU.Build.0 = Debug|Any CPU
		{33D9A725-D66C-4136-9D51-06E5877EC2B3}.Release|Any CPU.ActiveCfg = Release|Any CPU
		{33D9A725-D66C-4136-9D51-06E5877EC2B3}.Release|Any CPU.Build.0 = Release|Any CPU
		{A3AB4AA0-5328-4101-99D5-E83EDE2BA396}.Debug|Any CPU.ActiveCfg = Debug|Any CPU
		{A3AB4AA0-5328-4101-99D5-E83EDE2BA396}.Debug|Any CPU.Build.0 = Debug|Any CPU
		{A3AB4AA0-5328-4101-99D5-E83EDE2BA396}.Release|Any CPU.ActiveCfg = Release|Any CPU
		{A3AB4AA0-5328-4101-99D5-E83EDE2BA396}.Release|Any CPU.Build.0 = Release|Any CPU
		{E76FF25D-B90A-4D4C-8FDB-E98A055F4EAC}.Debug|Any CPU.ActiveCfg = Debug|Any CPU
		{E76FF25D-B90A-4D4C-8FDB-E98A055F4EAC}.Debug|Any CPU.Build.0 = Debug|Any CPU
		{E76FF25D-B90A-4D4C-8FDB-E98A055F4EAC}.Release|Any CPU.ActiveCfg = Release|Any CPU
		{E76FF25D-B90A-4D4C-8FDB-E98A055F4EAC}.Release|Any CPU.Build.0 = Release|Any CPU
		{C23C8D97-2C0F-4869-96E5-00A5AFE0D39C}.Debug|Any CPU.ActiveCfg = Debug|Any CPU
		{C23C8D97-2C0F-4869-96E5-00A5AFE0D39C}.Debug|Any CPU.Build.0 = Debug|Any CPU
		{C23C8D97-2C0F-4869-96E5-00A5AFE0D39C}.Release|Any CPU.ActiveCfg = Release|Any CPU
		{C23C8D97-2C0F-4869-96E5-00A5AFE0D39C}.Release|Any CPU.Build.0 = Release|Any CPU
		{D953125A-B213-4714-919C-B6CE01E5DF5F}.Debug|Any CPU.ActiveCfg = Debug|Any CPU
		{D953125A-B213-4714-919C-B6CE01E5DF5F}.Debug|Any CPU.Build.0 = Debug|Any CPU
		{D953125A-B213-4714-919C-B6CE01E5DF5F}.Release|Any CPU.ActiveCfg = Release|Any CPU
		{D953125A-B213-4714-919C-B6CE01E5DF5F}.Release|Any CPU.Build.0 = Release|Any CPU
		{E838FD3C-5AC3-4F63-AB8C-07F9819A024D}.Debug|Any CPU.ActiveCfg = Debug|Any CPU
		{E838FD3C-5AC3-4F63-AB8C-07F9819A024D}.Debug|Any CPU.Build.0 = Debug|Any CPU
		{E838FD3C-5AC3-4F63-AB8C-07F9819A024D}.Release|Any CPU.ActiveCfg = Release|Any CPU
		{E838FD3C-5AC3-4F63-AB8C-07F9819A024D}.Release|Any CPU.Build.0 = Release|Any CPU
		{9AABF1B0-63E1-458B-A2FD-CEC3E8FCFFB7}.Debug|Any CPU.ActiveCfg = Debug|Any CPU
		{9AABF1B0-63E1-458B-A2FD-CEC3E8FCFFB7}.Debug|Any CPU.Build.0 = Debug|Any CPU
		{9AABF1B0-63E1-458B-A2FD-CEC3E8FCFFB7}.Release|Any CPU.ActiveCfg = Release|Any CPU
		{9AABF1B0-63E1-458B-A2FD-CEC3E8FCFFB7}.Release|Any CPU.Build.0 = Release|Any CPU
		{0336CC60-BAFC-4A98-A882-E5ABABD08CB2}.Debug|Any CPU.ActiveCfg = Debug|Any CPU
		{0336CC60-BAFC-4A98-A882-E5ABABD08CB2}.Debug|Any CPU.Build.0 = Debug|Any CPU
		{0336CC60-BAFC-4A98-A882-E5ABABD08CB2}.Release|Any CPU.ActiveCfg = Release|Any CPU
		{0336CC60-BAFC-4A98-A882-E5ABABD08CB2}.Release|Any CPU.Build.0 = Release|Any CPU
		{5432C3D2-07E6-408D-A729-52F795656F9F}.Debug|Any CPU.ActiveCfg = Debug|Any CPU
		{5432C3D2-07E6-408D-A729-52F795656F9F}.Debug|Any CPU.Build.0 = Debug|Any CPU
		{5432C3D2-07E6-408D-A729-52F795656F9F}.Release|Any CPU.ActiveCfg = Release|Any CPU
		{5432C3D2-07E6-408D-A729-52F795656F9F}.Release|Any CPU.Build.0 = Release|Any CPU
	EndGlobalSection
	GlobalSection(SolutionProperties) = preSolution
		HideSolutionNode = FALSE
	EndGlobalSection
	GlobalSection(ExtensibilityGlobals) = postSolution
		SolutionGuid = {103EEE7A-AFF7-400A-9C2A-ED9F59C6A8BB}
	EndGlobalSection
EndGlobal
