
Microsoft Visual Studio Solution File, Format Version 12.00
# Visual Studio Version 17
VisualStudioVersion = 17.7.34221.43
MinimumVisualStudioVersion = 10.0.40219.1
Project("{9A19103F-16F7-4668-BE54-9A1E7A4F7556}") = "AbarimMUD.Common", "AbarimMUD.Common\AbarimMUD.Common.csproj", "{05A90EB7-9447-48C6-937F-8E0FD79078D0}"
EndProject
Project("{9A19103F-16F7-4668-BE54-9A1E7A4F7556}") = "AbarimMUD.ImportAre", "AbarimMUD.ImportAre\AbarimMUD.ImportAre.csproj", "{7422ADFB-CD4C-44AE-943D-889A2527C009}"
EndProject
Global
	GlobalSection(SolutionConfigurationPlatforms) = preSolution
		Debug|Any CPU = Debug|Any CPU
		Release|Any CPU = Release|Any CPU
	EndGlobalSection
	GlobalSection(ProjectConfigurationPlatforms) = postSolution
		{05A90EB7-9447-48C6-937F-8E0FD79078D0}.Debug|Any CPU.ActiveCfg = Debug|Any CPU
		{05A90EB7-9447-48C6-937F-8E0FD79078D0}.Debug|Any CPU.Build.0 = Debug|Any CPU
		{05A90EB7-9447-48C6-937F-8E0FD79078D0}.Release|Any CPU.ActiveCfg = Release|Any CPU
		{05A90EB7-9447-48C6-937F-8E0FD79078D0}.Release|Any CPU.Build.0 = Release|Any CPU
		{7422ADFB-CD4C-44AE-943D-889A2527C009}.Debug|Any CPU.ActiveCfg = Debug|Any CPU
		{7422ADFB-CD4C-44AE-943D-889A2527C009}.Debug|Any CPU.Build.0 = Debug|Any CPU
		{7422ADFB-CD4C-44AE-943D-889A2527C009}.Release|Any CPU.ActiveCfg = Release|Any CPU
		{7422ADFB-CD4C-44AE-943D-889A2527C009}.Release|Any CPU.Build.0 = Release|Any CPU
	EndGlobalSection
	GlobalSection(SolutionProperties) = preSolution
		HideSolutionNode = FALSE
	EndGlobalSection
	GlobalSection(ExtensibilityGlobals) = postSolution
		SolutionGuid = {20FE63E3-449D-4051-AD0F-E1684995B431}
	EndGlobalSection
EndGlobal
