
Microsoft Visual Studio Solution File, Format Version 12.00
# Visual Studio Version 17
VisualStudioVersion = 17.8.34322.80
MinimumVisualStudioVersion = 10.0.40219.1
Project("{9A19103F-16F7-4668-BE54-9A1E7A4F7556}") = "AbarimMUD.Common", "AbarimMUD.Common\AbarimMUD.Common.csproj", "{18708949-46D1-471D-85CB-698197F1001C}"
EndProject
Project("{9A19103F-16F7-4668-BE54-9A1E7A4F7556}") = "AbarimMUD.ExportAreasToMMB", "AbarimMUD.ExportAreasToMMB\AbarimMUD.ExportAreasToMMB.csproj", "{33D9A725-D66C-4136-9D51-06E5877EC2B3}"
EndProject
Project("{9A19103F-16F7-4668-BE54-9A1E7A4F7556}") = "MUDMapBuilder", "..\MUDMapBuilder\MUDMapBuilder\MUDMapBuilder.csproj", "{A3AB4AA0-5328-4101-99D5-E83EDE2BA396}"
EndProject
Global
	GlobalSection(SolutionConfigurationPlatforms) = preSolution
		Debug|Any CPU = Debug|Any CPU
		Release|Any CPU = Release|Any CPU
	EndGlobalSection
	GlobalSection(ProjectConfigurationPlatforms) = postSolution
		{18708949-46D1-471D-85CB-698197F1001C}.Debug|Any CPU.ActiveCfg = Debug|Any CPU
		{18708949-46D1-471D-85CB-698197F1001C}.Debug|Any CPU.Build.0 = Debug|Any CPU
		{18708949-46D1-471D-85CB-698197F1001C}.Release|Any CPU.ActiveCfg = Release|Any CPU
		{18708949-46D1-471D-85CB-698197F1001C}.Release|Any CPU.Build.0 = Release|Any CPU
		{33D9A725-D66C-4136-9D51-06E5877EC2B3}.Debug|Any CPU.ActiveCfg = Debug|Any CPU
		{33D9A725-D66C-4136-9D51-06E5877EC2B3}.Debug|Any CPU.Build.0 = Debug|Any CPU
		{33D9A725-D66C-4136-9D51-06E5877EC2B3}.Release|Any CPU.ActiveCfg = Release|Any CPU
		{33D9A725-D66C-4136-9D51-06E5877EC2B3}.Release|Any CPU.Build.0 = Release|Any CPU
		{A3AB4AA0-5328-4101-99D5-E83EDE2BA396}.Debug|Any CPU.ActiveCfg = Debug|Any CPU
		{A3AB4AA0-5328-4101-99D5-E83EDE2BA396}.Debug|Any CPU.Build.0 = Debug|Any CPU
		{A3AB4AA0-5328-4101-99D5-E83EDE2BA396}.Release|Any CPU.ActiveCfg = Release|Any CPU
		{A3AB4AA0-5328-4101-99D5-E83EDE2BA396}.Release|Any CPU.Build.0 = Release|Any CPU
	EndGlobalSection
	GlobalSection(SolutionProperties) = preSolution
		HideSolutionNode = FALSE
	EndGlobalSection
	GlobalSection(ExtensibilityGlobals) = postSolution
		SolutionGuid = {103EEE7A-AFF7-400A-9C2A-ED9F59C6A8BB}
	EndGlobalSection
EndGlobal
